
Microsoft Visual Studio Solution File, Format Version 12.00
# Visual Studio Version 17
VisualStudioVersion = 17.6.33723.286
MinimumVisualStudioVersion = 10.0.40219.1
Project("{FAE04EC0-301F-11D3-BF4B-00C04F79EFBC}") = "UserControll", "UserControll\UserControll.csproj", "{F8DB683B-681D-4D11-AE0C-25CCB55E66B9}"
EndProject
Global
	GlobalSection(SolutionConfigurationPlatforms) = preSolution
		Debug|Any CPU = Debug|Any CPU
		Release|Any CPU = Release|Any CPU
	EndGlobalSection
	GlobalSection(ProjectConfigurationPlatforms) = postSolution
		{F8DB683B-681D-4D11-AE0C-25CCB55E66B9}.Debug|Any CPU.ActiveCfg = Debug|Any CPU
		{F8DB683B-681D-4D11-AE0C-25CCB55E66B9}.Debug|Any CPU.Build.0 = Debug|Any CPU
		{F8DB683B-681D-4D11-AE0C-25CCB55E66B9}.Release|Any CPU.ActiveCfg = Release|Any CPU
		{F8DB683B-681D-4D11-AE0C-25CCB55E66B9}.Release|Any CPU.Build.0 = Release|Any CPU
	EndGlobalSection
	GlobalSection(SolutionProperties) = preSolution
		HideSolutionNode = FALSE
	EndGlobalSection
	GlobalSection(ExtensibilityGlobals) = postSolution
		SolutionGuid = {222A93CA-6A87-43F4-A73D-C2A7E9F34DEA}
	EndGlobalSection
EndGlobal
